
Microsoft Visual Studio Solution File, Format Version 12.00
# Visual Studio Version 17
VisualStudioVersion = 17.9.34622.214
MinimumVisualStudioVersion = 10.0.40219.1
Project("{9A19103F-16F7-4668-BE54-9A1E7A4F7556}") = "JobSync", "JobSync\JobSync.csproj", "{B44771A8-5ACF-49E7-888C-661F2E960457}"
EndProject
Project("{FAE04EC0-301F-11D3-BF4B-00C04F79EFBC}") = "JobSync.Tests", "JobSync.Tests\JobSync.Tests.csproj", "{1DEB9158-7FB6-4F14-9478-1E945107AEF0}"
EndProject
Global
	GlobalSection(SolutionConfigurationPlatforms) = preSolution
		Debug|Any CPU = Debug|Any CPU
		Release|Any CPU = Release|Any CPU
	EndGlobalSection
	GlobalSection(ProjectConfigurationPlatforms) = postSolution
		{B44771A8-5ACF-49E7-888C-661F2E960457}.Debug|Any CPU.ActiveCfg = Debug|Any CPU
		{B44771A8-5ACF-49E7-888C-661F2E960457}.Debug|Any CPU.Build.0 = Debug|Any CPU
		{B44771A8-5ACF-49E7-888C-661F2E960457}.Release|Any CPU.ActiveCfg = Release|Any CPU
		{B44771A8-5ACF-49E7-888C-661F2E960457}.Release|Any CPU.Build.0 = Release|Any CPU
		{1DEB9158-7FB6-4F14-9478-1E945107AEF0}.Debug|Any CPU.ActiveCfg = Debug|Any CPU
		{1DEB9158-7FB6-4F14-9478-1E945107AEF0}.Debug|Any CPU.Build.0 = Debug|Any CPU
		{1DEB9158-7FB6-4F14-9478-1E945107AEF0}.Release|Any CPU.ActiveCfg = Release|Any CPU
		{1DEB9158-7FB6-4F14-9478-1E945107AEF0}.Release|Any CPU.Build.0 = Release|Any CPU
	EndGlobalSection
	GlobalSection(SolutionProperties) = preSolution
		HideSolutionNode = FALSE
	EndGlobalSection
	GlobalSection(ExtensibilityGlobals) = postSolution
		SolutionGuid = {2742FA54-2C47-4518-8498-774503AB6C5B}
	EndGlobalSection
EndGlobal
